// !$*UTF8*$!
{
	archiveVersion = 1;
	classes = {
	};
	objectVersion = 46;
	objects = {

/* Begin PBXBuildFile section */
		2205A3291F09E47300D90E89 /* KKBaseNavigationBar.m in Sources */ = {isa = PBXBuildFile; fileRef = 2205A3231F09E47300D90E89 /* KKBaseNavigationBar.m */; };
		2205A32A1F09E47300D90E89 /* KKBaseNavigationController.m in Sources */ = {isa = PBXBuildFile; fileRef = 2205A3251F09E47300D90E89 /* KKBaseNavigationController.m */; };
		2205A32B1F09E47300D90E89 /* KKBaseViewController.bundle in Resources */ = {isa = PBXBuildFile; fileRef = 2205A3261F09E47300D90E89 /* KKBaseViewController.bundle */; };
		2205A32C1F09E47300D90E89 /* KKBaseViewController.m in Sources */ = {isa = PBXBuildFile; fileRef = 2205A3281F09E47300D90E89 /* KKBaseViewController.m */; };
		2205A4171F0B747700D90E89 /* KKBaseTableView.m in Sources */ = {isa = PBXBuildFile; fileRef = 2205A4161F0B747700D90E89 /* KKBaseTableView.m */; };
		2205A41A1F0B74F300D90E89 /* KKBaseTableViewController.m in Sources */ = {isa = PBXBuildFile; fileRef = 2205A4191F0B74F300D90E89 /* KKBaseTableViewController.m */; };
		228943E01E6670F400082B9B /* TextFieldDemoViewController.m in Sources */ = {isa = PBXBuildFile; fileRef = 228943DF1E6670F400082B9B /* TextFieldDemoViewController.m */; };
		228943E31E6672A200082B9B /* AlertDemoViewController.m in Sources */ = {isa = PBXBuildFile; fileRef = 228943E21E6672A200082B9B /* AlertDemoViewController.m */; };
		228943E61E6672B300082B9B /* ActionSheetDemoViewController.m in Sources */ = {isa = PBXBuildFile; fileRef = 228943E51E6672B300082B9B /* ActionSheetDemoViewController.m */; };
		229D4B431E6005100040BC97 /* ButtonDemoViewController.m in Sources */ = {isa = PBXBuildFile; fileRef = 229D4B421E6005100040BC97 /* ButtonDemoViewController.m */; };
		229D4B461E601DB70040BC97 /* LabelDemoViewController.m in Sources */ = {isa = PBXBuildFile; fileRef = 229D4B451E601DB70040BC97 /* LabelDemoViewController.m */; };
		229D4B4A1E602CA50040BC97 /* KKBaseTextField.m in Sources */ = {isa = PBXBuildFile; fileRef = 229D4B491E602CA50040BC97 /* KKBaseTextField.m */; };
		22A129BC1E5FE09D00851B98 /* main.m in Sources */ = {isa = PBXBuildFile; fileRef = 22A129BB1E5FE09D00851B98 /* main.m */; };
		22A129BF1E5FE09D00851B98 /* AppDelegate.m in Sources */ = {isa = PBXBuildFile; fileRef = 22A129BE1E5FE09D00851B98 /* AppDelegate.m */; };
		22A129C21E5FE09D00851B98 /* ViewController.m in Sources */ = {isa = PBXBuildFile; fileRef = 22A129C11E5FE09D00851B98 /* ViewController.m */; };
		22A129C71E5FE09D00851B98 /* Assets.xcassets in Resources */ = {isa = PBXBuildFile; fileRef = 22A129C61E5FE09D00851B98 /* Assets.xcassets */; };
		22A129CA1E5FE09D00851B98 /* LaunchScreen.storyboard in Resources */ = {isa = PBXBuildFile; fileRef = 22A129C81E5FE09D00851B98 /* LaunchScreen.storyboard */; };
		22A129DF1E5FE0C200851B98 /* KKBaseActionSheet.m in Sources */ = {isa = PBXBuildFile; fileRef = 22A129D41E5FE0C200851B98 /* KKBaseActionSheet.m */; };
		22A129E01E5FE0C200851B98 /* KKBaseAlertView.m in Sources */ = {isa = PBXBuildFile; fileRef = 22A129D71E5FE0C200851B98 /* KKBaseAlertView.m */; };
		22A129E11E5FE0C200851B98 /* KKBaseButton.m in Sources */ = {isa = PBXBuildFile; fileRef = 22A129DA1E5FE0C200851B98 /* KKBaseButton.m */; };
		22A129E21E5FE0C200851B98 /* KKBaseLabel.m in Sources */ = {isa = PBXBuildFile; fileRef = 22A129DD1E5FE0C200851B98 /* KKBaseLabel.m */; };
		4BE99FFBE2EC377C2C1DE3CC /* libPods-CLKitDemo.a in Frameworks */ = {isa = PBXBuildFile; fileRef = 74813F44C366D43DB832D5BD /* libPods-CLKitDemo.a */; };
/* End PBXBuildFile section */

/* Begin PBXFileReference section */
		2205A3221F09E47300D90E89 /* KKBaseNavigationBar.h */ = {isa = PBXFileReference; fileEncoding = 4; lastKnownFileType = sourcecode.c.h; path = KKBaseNavigationBar.h; sourceTree = "<group>"; };
		2205A3231F09E47300D90E89 /* KKBaseNavigationBar.m */ = {isa = PBXFileReference; fileEncoding = 4; lastKnownFileType = sourcecode.c.objc; path = KKBaseNavigationBar.m; sourceTree = "<group>"; };
		2205A3241F09E47300D90E89 /* KKBaseNavigationController.h */ = {isa = PBXFileReference; fileEncoding = 4; lastKnownFileType = sourcecode.c.h; path = KKBaseNavigationController.h; sourceTree = "<group>"; };
		2205A3251F09E47300D90E89 /* KKBaseNavigationController.m */ = {isa = PBXFileReference; fileEncoding = 4; lastKnownFileType = sourcecode.c.objc; path = KKBaseNavigationController.m; sourceTree = "<group>"; };
		2205A3261F09E47300D90E89 /* KKBaseViewController.bundle */ = {isa = PBXFileReference; lastKnownFileType = "wrapper.plug-in"; path = KKBaseViewController.bundle; sourceTree = "<group>"; };
		2205A3271F09E47300D90E89 /* KKBaseViewController.h */ = {isa = PBXFileReference; fileEncoding = 4; lastKnownFileType = sourcecode.c.h; path = KKBaseViewController.h; sourceTree = "<group>"; };
		2205A3281F09E47300D90E89 /* KKBaseViewController.m */ = {isa = PBXFileReference; fileEncoding = 4; lastKnownFileType = sourcecode.c.objc; path = KKBaseViewController.m; sourceTree = "<group>"; };
		2205A4151F0B747700D90E89 /* KKBaseTableView.h */ = {isa = PBXFileReference; fileEncoding = 4; lastKnownFileType = sourcecode.c.h; path = KKBaseTableView.h; sourceTree = "<group>"; };
		2205A4161F0B747700D90E89 /* KKBaseTableView.m */ = {isa = PBXFileReference; fileEncoding = 4; lastKnownFileType = sourcecode.c.objc; path = KKBaseTableView.m; sourceTree = "<group>"; };
		2205A4181F0B74F300D90E89 /* KKBaseTableViewController.h */ = {isa = PBXFileReference; fileEncoding = 4; lastKnownFileType = sourcecode.c.h; path = KKBaseTableViewController.h; sourceTree = "<group>"; };
		2205A4191F0B74F300D90E89 /* KKBaseTableViewController.m */ = {isa = PBXFileReference; fileEncoding = 4; lastKnownFileType = sourcecode.c.objc; path = KKBaseTableViewController.m; sourceTree = "<group>"; };
		228943DD1E66705E00082B9B /* PrefixHeader.pch */ = {isa = PBXFileReference; lastKnownFileType = sourcecode.c.h; path = PrefixHeader.pch; sourceTree = "<group>"; };
		228943DE1E6670F400082B9B /* TextFieldDemoViewController.h */ = {isa = PBXFileReference; fileEncoding = 4; lastKnownFileType = sourcecode.c.h; path = TextFieldDemoViewController.h; sourceTree = "<group>"; };
		228943DF1E6670F400082B9B /* TextFieldDemoViewController.m */ = {isa = PBXFileReference; fileEncoding = 4; lastKnownFileType = sourcecode.c.objc; path = TextFieldDemoViewController.m; sourceTree = "<group>"; };
		228943E11E6672A200082B9B /* AlertDemoViewController.h */ = {isa = PBXFileReference; fileEncoding = 4; lastKnownFileType = sourcecode.c.h; path = AlertDemoViewController.h; sourceTree = "<group>"; };
		228943E21E6672A200082B9B /* AlertDemoViewController.m */ = {isa = PBXFileReference; fileEncoding = 4; lastKnownFileType = sourcecode.c.objc; path = AlertDemoViewController.m; sourceTree = "<group>"; };
		228943E41E6672B300082B9B /* ActionSheetDemoViewController.h */ = {isa = PBXFileReference; fileEncoding = 4; lastKnownFileType = sourcecode.c.h; path = ActionSheetDemoViewController.h; sourceTree = "<group>"; };
		228943E51E6672B300082B9B /* ActionSheetDemoViewController.m */ = {isa = PBXFileReference; fileEncoding = 4; lastKnownFileType = sourcecode.c.objc; path = ActionSheetDemoViewController.m; sourceTree = "<group>"; };
		229D4B411E6005100040BC97 /* ButtonDemoViewController.h */ = {isa = PBXFileReference; fileEncoding = 4; lastKnownFileType = sourcecode.c.h; path = ButtonDemoViewController.h; sourceTree = "<group>"; };
		229D4B421E6005100040BC97 /* ButtonDemoViewController.m */ = {isa = PBXFileReference; fileEncoding = 4; lastKnownFileType = sourcecode.c.objc; path = ButtonDemoViewController.m; sourceTree = "<group>"; };
		229D4B441E601DB70040BC97 /* LabelDemoViewController.h */ = {isa = PBXFileReference; fileEncoding = 4; lastKnownFileType = sourcecode.c.h; path = LabelDemoViewController.h; sourceTree = "<group>"; };
		229D4B451E601DB70040BC97 /* LabelDemoViewController.m */ = {isa = PBXFileReference; fileEncoding = 4; lastKnownFileType = sourcecode.c.objc; path = LabelDemoViewController.m; sourceTree = "<group>"; };
		229D4B481E602CA50040BC97 /* KKBaseTextField.h */ = {isa = PBXFileReference; fileEncoding = 4; lastKnownFileType = sourcecode.c.h; path = KKBaseTextField.h; sourceTree = "<group>"; };
		229D4B491E602CA50040BC97 /* KKBaseTextField.m */ = {isa = PBXFileReference; fileEncoding = 4; lastKnownFileType = sourcecode.c.objc; path = KKBaseTextField.m; sourceTree = "<group>"; };
		22A129B71E5FE09D00851B98 /* CLKitDemo.app */ = {isa = PBXFileReference; explicitFileType = wrapper.application; includeInIndex = 0; path = CLKitDemo.app; sourceTree = BUILT_PRODUCTS_DIR; };
		22A129BB1E5FE09D00851B98 /* main.m */ = {isa = PBXFileReference; lastKnownFileType = sourcecode.c.objc; path = main.m; sourceTree = "<group>"; };
		22A129BD1E5FE09D00851B98 /* AppDelegate.h */ = {isa = PBXFileReference; lastKnownFileType = sourcecode.c.h; path = AppDelegate.h; sourceTree = "<group>"; };
		22A129BE1E5FE09D00851B98 /* AppDelegate.m */ = {isa = PBXFileReference; lastKnownFileType = sourcecode.c.objc; path = AppDelegate.m; sourceTree = "<group>"; };
		22A129C01E5FE09D00851B98 /* ViewController.h */ = {isa = PBXFileReference; lastKnownFileType = sourcecode.c.h; path = ViewController.h; sourceTree = "<group>"; };
		22A129C11E5FE09D00851B98 /* ViewController.m */ = {isa = PBXFileReference; lastKnownFileType = sourcecode.c.objc; path = ViewController.m; sourceTree = "<group>"; };
		22A129C61E5FE09D00851B98 /* Assets.xcassets */ = {isa = PBXFileReference; lastKnownFileType = folder.assetcatalog; path = Assets.xcassets; sourceTree = "<group>"; };
		22A129C91E5FE09D00851B98 /* Base */ = {isa = PBXFileReference; lastKnownFileType = file.storyboard; name = Base; path = Base.lproj/LaunchScreen.storyboard; sourceTree = "<group>"; };
		22A129CB1E5FE09D00851B98 /* Info.plist */ = {isa = PBXFileReference; lastKnownFileType = text.plist.xml; path = Info.plist; sourceTree = "<group>"; };
		22A129D31E5FE0C200851B98 /* KKBaseActionSheet.h */ = {isa = PBXFileReference; fileEncoding = 4; lastKnownFileType = sourcecode.c.h; path = KKBaseActionSheet.h; sourceTree = "<group>"; };
		22A129D41E5FE0C200851B98 /* KKBaseActionSheet.m */ = {isa = PBXFileReference; fileEncoding = 4; lastKnownFileType = sourcecode.c.objc; path = KKBaseActionSheet.m; sourceTree = "<group>"; };
		22A129D61E5FE0C200851B98 /* KKBaseAlertView.h */ = {isa = PBXFileReference; fileEncoding = 4; lastKnownFileType = sourcecode.c.h; path = KKBaseAlertView.h; sourceTree = "<group>"; };
		22A129D71E5FE0C200851B98 /* KKBaseAlertView.m */ = {isa = PBXFileReference; fileEncoding = 4; lastKnownFileType = sourcecode.c.objc; path = KKBaseAlertView.m; sourceTree = "<group>"; };
		22A129D91E5FE0C200851B98 /* KKBaseButton.h */ = {isa = PBXFileReference; fileEncoding = 4; lastKnownFileType = sourcecode.c.h; path = KKBaseButton.h; sourceTree = "<group>"; };
		22A129DA1E5FE0C200851B98 /* KKBaseButton.m */ = {isa = PBXFileReference; fileEncoding = 4; lastKnownFileType = sourcecode.c.objc; path = KKBaseButton.m; sourceTree = "<group>"; };
		22A129DC1E5FE0C200851B98 /* KKBaseLabel.h */ = {isa = PBXFileReference; fileEncoding = 4; lastKnownFileType = sourcecode.c.h; path = KKBaseLabel.h; sourceTree = "<group>"; };
		22A129DD1E5FE0C200851B98 /* KKBaseLabel.m */ = {isa = PBXFileReference; fileEncoding = 4; lastKnownFileType = sourcecode.c.objc; path = KKBaseLabel.m; sourceTree = "<group>"; };
		22A129DE1E5FE0C200851B98 /* KKKit.h */ = {isa = PBXFileReference; fileEncoding = 4; lastKnownFileType = sourcecode.c.h; path = KKKit.h; sourceTree = "<group>"; };
		2AF0DFD1EAA962CDDBFC1DFD /* Pods-CLKitDemo.release.xcconfig */ = {isa = PBXFileReference; includeInIndex = 1; lastKnownFileType = text.xcconfig; name = "Pods-CLKitDemo.release.xcconfig"; path = "Pods/Target Support Files/Pods-CLKitDemo/Pods-CLKitDemo.release.xcconfig"; sourceTree = "<group>"; };
		74813F44C366D43DB832D5BD /* libPods-CLKitDemo.a */ = {isa = PBXFileReference; explicitFileType = archive.ar; includeInIndex = 0; path = "libPods-CLKitDemo.a"; sourceTree = BUILT_PRODUCTS_DIR; };
		A9C00AA845BF7A51B4AD0B66 /* Pods-CLKitDemo.debug.xcconfig */ = {isa = PBXFileReference; includeInIndex = 1; lastKnownFileType = text.xcconfig; name = "Pods-CLKitDemo.debug.xcconfig"; path = "Pods/Target Support Files/Pods-CLKitDemo/Pods-CLKitDemo.debug.xcconfig"; sourceTree = "<group>"; };
/* End PBXFileReference section */

/* Begin PBXFrameworksBuildPhase section */
		22A129B41E5FE09D00851B98 /* Frameworks */ = {
			isa = PBXFrameworksBuildPhase;
			buildActionMask = 2147483647;
			files = (
				4BE99FFBE2EC377C2C1DE3CC /* libPods-CLKitDemo.a in Frameworks */,
			);
			runOnlyForDeploymentPostprocessing = 0;
		};
/* End PBXFrameworksBuildPhase section */

/* Begin PBXGroup section */
		2205A3211F09E47300D90E89 /* KKBaseViewController */ = {
			isa = PBXGroup;
			children = (
				2205A3221F09E47300D90E89 /* KKBaseNavigationBar.h */,
				2205A3231F09E47300D90E89 /* KKBaseNavigationBar.m */,
				2205A3241F09E47300D90E89 /* KKBaseNavigationController.h */,
				2205A3251F09E47300D90E89 /* KKBaseNavigationController.m */,
				2205A3261F09E47300D90E89 /* KKBaseViewController.bundle */,
				2205A3271F09E47300D90E89 /* KKBaseViewController.h */,
				2205A3281F09E47300D90E89 /* KKBaseViewController.m */,
				2205A4181F0B74F300D90E89 /* KKBaseTableViewController.h */,
				2205A4191F0B74F300D90E89 /* KKBaseTableViewController.m */,
			);
			path = KKBaseViewController;
			sourceTree = "<group>";
		};
		2205A4141F0B746000D90E89 /* KKBaseTableView */ = {
			isa = PBXGroup;
			children = (
				2205A4151F0B747700D90E89 /* KKBaseTableView.h */,
				2205A4161F0B747700D90E89 /* KKBaseTableView.m */,
			);
			path = KKBaseTableView;
			sourceTree = "<group>";
		};
		229D4B471E602C880040BC97 /* KKBaseTextField */ = {
			isa = PBXGroup;
			children = (
				229D4B481E602CA50040BC97 /* KKBaseTextField.h */,
				229D4B491E602CA50040BC97 /* KKBaseTextField.m */,
			);
			path = KKBaseTextField;
			sourceTree = "<group>";
		};
		22A129AE1E5FE09D00851B98 = {
			isa = PBXGroup;
			children = (
				22A129B91E5FE09D00851B98 /* CLKitDemo */,
				22A129B81E5FE09D00851B98 /* Products */,
				F7CE98BD2B94ADC62D8476CA /* Pods */,
				DECFDB85AD7524D238795711 /* Frameworks */,
			);
			sourceTree = "<group>";
		};
		22A129B81E5FE09D00851B98 /* Products */ = {
			isa = PBXGroup;
			children = (
				22A129B71E5FE09D00851B98 /* CLKitDemo.app */,
			);
			name = Products;
			sourceTree = "<group>";
		};
		22A129B91E5FE09D00851B98 /* CLKitDemo */ = {
			isa = PBXGroup;
			children = (
				22A129D11E5FE0C200851B98 /* KKKit */,
				22A129BD1E5FE09D00851B98 /* AppDelegate.h */,
				22A129BE1E5FE09D00851B98 /* AppDelegate.m */,
				22A129C01E5FE09D00851B98 /* ViewController.h */,
				22A129C11E5FE09D00851B98 /* ViewController.m */,
				229D4B441E601DB70040BC97 /* LabelDemoViewController.h */,
				229D4B451E601DB70040BC97 /* LabelDemoViewController.m */,
				229D4B411E6005100040BC97 /* ButtonDemoViewController.h */,
				229D4B421E6005100040BC97 /* ButtonDemoViewController.m */,
				228943DE1E6670F400082B9B /* TextFieldDemoViewController.h */,
				228943DF1E6670F400082B9B /* TextFieldDemoViewController.m */,
				228943E11E6672A200082B9B /* AlertDemoViewController.h */,
				228943E21E6672A200082B9B /* AlertDemoViewController.m */,
				228943E41E6672B300082B9B /* ActionSheetDemoViewController.h */,
				228943E51E6672B300082B9B /* ActionSheetDemoViewController.m */,
				22A129C61E5FE09D00851B98 /* Assets.xcassets */,
				22A129C81E5FE09D00851B98 /* LaunchScreen.storyboard */,
				22A129CB1E5FE09D00851B98 /* Info.plist */,
				22A129BA1E5FE09D00851B98 /* Supporting Files */,
			);
			path = CLKitDemo;
			sourceTree = "<group>";
		};
		22A129BA1E5FE09D00851B98 /* Supporting Files */ = {
			isa = PBXGroup;
			children = (
				22A129BB1E5FE09D00851B98 /* main.m */,
				228943DD1E66705E00082B9B /* PrefixHeader.pch */,
			);
			name = "Supporting Files";
			sourceTree = "<group>";
		};
		22A129D11E5FE0C200851B98 /* KKKit */ = {
			isa = PBXGroup;
			children = (
				2205A4141F0B746000D90E89 /* KKBaseTableView */,
				2205A3211F09E47300D90E89 /* KKBaseViewController */,
				229D4B471E602C880040BC97 /* KKBaseTextField */,
				22A129D21E5FE0C200851B98 /* KKBaseActionSheet */,
				22A129D51E5FE0C200851B98 /* KKBaseAlertView */,
				22A129D81E5FE0C200851B98 /* KKBaseButton */,
				22A129DB1E5FE0C200851B98 /* KKBaseLabel */,
				22A129DE1E5FE0C200851B98 /* KKKit.h */,
			);
			path = KKKit;
			sourceTree = "<group>";
		};
		22A129D21E5FE0C200851B98 /* KKBaseActionSheet */ = {
			isa = PBXGroup;
			children = (
				22A129D31E5FE0C200851B98 /* KKBaseActionSheet.h */,
				22A129D41E5FE0C200851B98 /* KKBaseActionSheet.m */,
			);
			path = KKBaseActionSheet;
			sourceTree = "<group>";
		};
		22A129D51E5FE0C200851B98 /* KKBaseAlertView */ = {
			isa = PBXGroup;
			children = (
				22A129D61E5FE0C200851B98 /* KKBaseAlertView.h */,
				22A129D71E5FE0C200851B98 /* KKBaseAlertView.m */,
			);
			path = KKBaseAlertView;
			sourceTree = "<group>";
		};
		22A129D81E5FE0C200851B98 /* KKBaseButton */ = {
			isa = PBXGroup;
			children = (
				22A129D91E5FE0C200851B98 /* KKBaseButton.h */,
				22A129DA1E5FE0C200851B98 /* KKBaseButton.m */,
			);
			path = KKBaseButton;
			sourceTree = "<group>";
		};
		22A129DB1E5FE0C200851B98 /* KKBaseLabel */ = {
			isa = PBXGroup;
			children = (
				22A129DC1E5FE0C200851B98 /* KKBaseLabel.h */,
				22A129DD1E5FE0C200851B98 /* KKBaseLabel.m */,
			);
			path = KKBaseLabel;
			sourceTree = "<group>";
		};
		DECFDB85AD7524D238795711 /* Frameworks */ = {
			isa = PBXGroup;
			children = (
				74813F44C366D43DB832D5BD /* libPods-CLKitDemo.a */,
			);
			name = Frameworks;
			sourceTree = "<group>";
		};
		F7CE98BD2B94ADC62D8476CA /* Pods */ = {
			isa = PBXGroup;
			children = (
				A9C00AA845BF7A51B4AD0B66 /* Pods-CLKitDemo.debug.xcconfig */,
				2AF0DFD1EAA962CDDBFC1DFD /* Pods-CLKitDemo.release.xcconfig */,
			);
			name = Pods;
			sourceTree = "<group>";
		};
/* End PBXGroup section */

/* Begin PBXNativeTarget section */
		22A129B61E5FE09D00851B98 /* CLKitDemo */ = {
			isa = PBXNativeTarget;
			buildConfigurationList = 22A129CE1E5FE09D00851B98 /* Build configuration list for PBXNativeTarget "CLKitDemo" */;
			buildPhases = (
				A9A7178AA92B69FE6A46246B /* [CP] Check Pods Manifest.lock */,
				22A129B31E5FE09D00851B98 /* Sources */,
				22A129B41E5FE09D00851B98 /* Frameworks */,
				22A129B51E5FE09D00851B98 /* Resources */,
				2773591CD644B02B6A67A815 /* [CP] Embed Pods Frameworks */,
				8B5EB477D79988DBFF1A80A0 /* [CP] Copy Pods Resources */,
			);
			buildRules = (
			);
			dependencies = (
			);
			name = CLKitDemo;
			productName = CLKitDemo;
			productReference = 22A129B71E5FE09D00851B98 /* CLKitDemo.app */;
			productType = "com.apple.product-type.application";
		};
/* End PBXNativeTarget section */

/* Begin PBXProject section */
		22A129AF1E5FE09D00851B98 /* Project object */ = {
			isa = PBXProject;
			attributes = {
				LastUpgradeCheck = 0820;
				ORGANIZATIONNAME = KaKa;
				TargetAttributes = {
					22A129B61E5FE09D00851B98 = {
						CreatedOnToolsVersion = 8.2.1;
						ProvisioningStyle = Automatic;
					};
				};
			};
			buildConfigurationList = 22A129B21E5FE09D00851B98 /* Build configuration list for PBXProject "CLKitDemo" */;
			compatibilityVersion = "Xcode 3.2";
			developmentRegion = English;
			hasScannedForEncodings = 0;
			knownRegions = (
				en,
				Base,
			);
			mainGroup = 22A129AE1E5FE09D00851B98;
			productRefGroup = 22A129B81E5FE09D00851B98 /* Products */;
			projectDirPath = "";
			projectRoot = "";
			targets = (
				22A129B61E5FE09D00851B98 /* CLKitDemo */,
			);
		};
/* End PBXProject section */

/* Begin PBXResourcesBuildPhase section */
		22A129B51E5FE09D00851B98 /* Resources */ = {
			isa = PBXResourcesBuildPhase;
			buildActionMask = 2147483647;
			files = (
				22A129CA1E5FE09D00851B98 /* LaunchScreen.storyboard in Resources */,
				2205A32B1F09E47300D90E89 /* KKBaseViewController.bundle in Resources */,
				22A129C71E5FE09D00851B98 /* Assets.xcassets in Resources */,
			);
			runOnlyForDeploymentPostprocessing = 0;
		};
/* End PBXResourcesBuildPhase section */

/* Begin PBXShellScriptBuildPhase section */
		2773591CD644B02B6A67A815 /* [CP] Embed Pods Frameworks */ = {
			isa = PBXShellScriptBuildPhase;
			buildActionMask = 2147483647;
			files = (
			);
			inputPaths = (
			);
			name = "[CP] Embed Pods Frameworks";
			outputPaths = (
			);
			runOnlyForDeploymentPostprocessing = 0;
			shellPath = /bin/sh;
			shellScript = "\"${SRCROOT}/Pods/Target Support Files/Pods-CLKitDemo/Pods-CLKitDemo-frameworks.sh\"\n";
			showEnvVarsInLog = 0;
		};
		8B5EB477D79988DBFF1A80A0 /* [CP] Copy Pods Resources */ = {
			isa = PBXShellScriptBuildPhase;
			buildActionMask = 2147483647;
			files = (
			);
			inputPaths = (
			);
			name = "[CP] Copy Pods Resources";
			outputPaths = (
			);
			runOnlyForDeploymentPostprocessing = 0;
			shellPath = /bin/sh;
			shellScript = "\"${SRCROOT}/Pods/Target Support Files/Pods-CLKitDemo/Pods-CLKitDemo-resources.sh\"\n";
			showEnvVarsInLog = 0;
		};
		A9A7178AA92B69FE6A46246B /* [CP] Check Pods Manifest.lock */ = {
			isa = PBXShellScriptBuildPhase;
			buildActionMask = 2147483647;
			files = (
			);
			inputPaths = (
			);
			name = "[CP] Check Pods Manifest.lock";
			outputPaths = (
			);
			runOnlyForDeploymentPostprocessing = 0;
			shellPath = /bin/sh;
			shellScript = "diff \"${PODS_ROOT}/../Podfile.lock\" \"${PODS_ROOT}/Manifest.lock\" > /dev/null\nif [ $? != 0 ] ; then\n    # print error to STDERR\n    echo \"error: The sandbox is not in sync with the Podfile.lock. Run 'pod install' or update your CocoaPods installation.\" >&2\n    exit 1\nfi\n";
			showEnvVarsInLog = 0;
		};
/* End PBXShellScriptBuildPhase section */

/* Begin PBXSourcesBuildPhase section */
		22A129B31E5FE09D00851B98 /* Sources */ = {
			isa = PBXSourcesBuildPhase;
			buildActionMask = 2147483647;
			files = (
				22A129C21E5FE09D00851B98 /* ViewController.m in Sources */,
				2205A32C1F09E47300D90E89 /* KKBaseViewController.m in Sources */,
				22A129E01E5FE0C200851B98 /* KKBaseAlertView.m in Sources */,
				22A129BF1E5FE09D00851B98 /* AppDelegate.m in Sources */,
				22A129DF1E5FE0C200851B98 /* KKBaseActionSheet.m in Sources */,
				2205A3291F09E47300D90E89 /* KKBaseNavigationBar.m in Sources */,
				229D4B461E601DB70040BC97 /* LabelDemoViewController.m in Sources */,
				2205A32A1F09E47300D90E89 /* KKBaseNavigationController.m in Sources */,
				22A129E21E5FE0C200851B98 /* KKBaseLabel.m in Sources */,
				2205A4171F0B747700D90E89 /* KKBaseTableView.m in Sources */,
				2205A41A1F0B74F300D90E89 /* KKBaseTableViewController.m in Sources */,
				229D4B4A1E602CA50040BC97 /* KKBaseTextField.m in Sources */,
				228943E61E6672B300082B9B /* ActionSheetDemoViewController.m in Sources */,
				228943E01E6670F400082B9B /* TextFieldDemoViewController.m in Sources */,
				228943E31E6672A200082B9B /* AlertDemoViewController.m in Sources */,
				229D4B431E6005100040BC97 /* ButtonDemoViewController.m in Sources */,
				22A129E11E5FE0C200851B98 /* KKBaseButton.m in Sources */,
				22A129BC1E5FE09D00851B98 /* main.m in Sources */,
			);
			runOnlyForDeploymentPostprocessing = 0;
		};
/* End PBXSourcesBuildPhase section */

/* Begin PBXVariantGroup section */
		22A129C81E5FE09D00851B98 /* LaunchScreen.storyboard */ = {
			isa = PBXVariantGroup;
			children = (
				22A129C91E5FE09D00851B98 /* Base */,
			);
			name = LaunchScreen.storyboard;
			sourceTree = "<group>";
		};
/* End PBXVariantGroup section */

/* Begin XCBuildConfiguration section */
		22A129CC1E5FE09D00851B98 /* Debug */ = {
			isa = XCBuildConfiguration;
			buildSettings = {
				ALWAYS_SEARCH_USER_PATHS = NO;
				CLANG_ANALYZER_NONNULL = YES;
				CLANG_CXX_LANGUAGE_STANDARD = "gnu++0x";
				CLANG_CXX_LIBRARY = "libc++";
				CLANG_ENABLE_MODULES = YES;
				CLANG_ENABLE_OBJC_ARC = YES;
				CLANG_WARN_BOOL_CONVERSION = YES;
				CLANG_WARN_CONSTANT_CONVERSION = YES;
				CLANG_WARN_DIRECT_OBJC_ISA_USAGE = YES_ERROR;
				CLANG_WARN_DOCUMENTATION_COMMENTS = YES;
				CLANG_WARN_EMPTY_BODY = YES;
				CLANG_WARN_ENUM_CONVERSION = YES;
				CLANG_WARN_INFINITE_RECURSION = YES;
				CLANG_WARN_INT_CONVERSION = YES;
				CLANG_WARN_OBJC_ROOT_CLASS = YES_ERROR;
				CLANG_WARN_SUSPICIOUS_MOVE = YES;
				CLANG_WARN_UNREACHABLE_CODE = YES;
				CLANG_WARN__DUPLICATE_METHOD_MATCH = YES;
				"CODE_SIGN_IDENTITY[sdk=iphoneos*]" = "iPhone Developer";
				COPY_PHASE_STRIP = NO;
				DEBUG_INFORMATION_FORMAT = dwarf;
				ENABLE_STRICT_OBJC_MSGSEND = YES;
				ENABLE_TESTABILITY = YES;
				GCC_C_LANGUAGE_STANDARD = gnu99;
				GCC_DYNAMIC_NO_PIC = NO;
				GCC_NO_COMMON_BLOCKS = YES;
				GCC_OPTIMIZATION_LEVEL = 0;
				GCC_PREPROCESSOR_DEFINITIONS = (
					"DEBUG=1",
					"$(inherited)",
				);
				GCC_WARN_64_TO_32_BIT_CONVERSION = YES;
				GCC_WARN_ABOUT_RETURN_TYPE = YES_ERROR;
				GCC_WARN_UNDECLARED_SELECTOR = YES;
				GCC_WARN_UNINITIALIZED_AUTOS = YES_AGGRESSIVE;
				GCC_WARN_UNUSED_FUNCTION = YES;
				GCC_WARN_UNUSED_VARIABLE = YES;
				IPHONEOS_DEPLOYMENT_TARGET = 10.2;
				MTL_ENABLE_DEBUG_INFO = YES;
				ONLY_ACTIVE_ARCH = YES;
				SDKROOT = iphoneos;
				TARGETED_DEVICE_FAMILY = "1,2";
			};
			name = Debug;
		};
		22A129CD1E5FE09D00851B98 /* Release */ = {
			isa = XCBuildConfiguration;
			buildSettings = {
				ALWAYS_SEARCH_USER_PATHS = NO;
				CLANG_ANALYZER_NONNULL = YES;
				CLANG_CXX_LANGUAGE_STANDARD = "gnu++0x";
				CLANG_CXX_LIBRARY = "libc++";
				CLANG_ENABLE_MODULES = YES;
				CLANG_ENABLE_OBJC_ARC = YES;
				CLANG_WARN_BOOL_CONVERSION = YES;
				CLANG_WARN_CONSTANT_CONVERSION = YES;
				CLANG_WARN_DIRECT_OBJC_ISA_USAGE = YES_ERROR;
				CLANG_WARN_DOCUMENTATION_COMMENTS = YES;
				CLANG_WARN_EMPTY_BODY = YES;
				CLANG_WARN_ENUM_CONVERSION = YES;
				CLANG_WARN_INFINITE_RECURSION = YES;
				CLANG_WARN_INT_CONVERSION = YES;
				CLANG_WARN_OBJC_ROOT_CLASS = YES_ERROR;
				CLANG_WARN_SUSPICIOUS_MOVE = YES;
				CLANG_WARN_UNREACHABLE_CODE = YES;
				CLANG_WARN__DUPLICATE_METHOD_MATCH = YES;
				"CODE_SIGN_IDENTITY[sdk=iphoneos*]" = "iPhone Developer";
				COPY_PHASE_STRIP = NO;
				DEBUG_INFORMATION_FORMAT = "dwarf-with-dsym";
				ENABLE_NS_ASSERTIONS = NO;
				ENABLE_STRICT_OBJC_MSGSEND = YES;
				GCC_C_LANGUAGE_STANDARD = gnu99;
				GCC_NO_COMMON_BLOCKS = YES;
				GCC_WARN_64_TO_32_BIT_CONVERSION = YES;
				GCC_WARN_ABOUT_RETURN_TYPE = YES_ERROR;
				GCC_WARN_UNDECLARED_SELECTOR = YES;
				GCC_WARN_UNINITIALIZED_AUTOS = YES_AGGRESSIVE;
				GCC_WARN_UNUSED_FUNCTION = YES;
				GCC_WARN_UNUSED_VARIABLE = YES;
				IPHONEOS_DEPLOYMENT_TARGET = 10.2;
				MTL_ENABLE_DEBUG_INFO = NO;
				SDKROOT = iphoneos;
				TARGETED_DEVICE_FAMILY = "1,2";
				VALIDATE_PRODUCT = YES;
			};
			name = Release;
		};
		22A129CF1E5FE09D00851B98 /* Debug */ = {
			isa = XCBuildConfiguration;
			baseConfigurationReference = A9C00AA845BF7A51B4AD0B66 /* Pods-CLKitDemo.debug.xcconfig */;
			buildSettings = {
				ASSETCATALOG_COMPILER_APPICON_NAME = AppIcon;
				GCC_PREFIX_HEADER = "${SRCROOT}/CLKitDemo/PrefixHeader.pch";
				INFOPLIST_FILE = CLKitDemo/Info.plist;
				IPHONEOS_DEPLOYMENT_TARGET = 7.0;
				LD_RUNPATH_SEARCH_PATHS = "$(inherited) @executable_path/Frameworks";
				PRODUCT_BUNDLE_IDENTIFIER = com.Kaka.CLKitDemo;
				PRODUCT_NAME = "$(TARGET_NAME)";
				USER_HEADER_SEARCH_PATHS = "${SRCROOT}/**";
			};
			name = Debug;
		};
		22A129D01E5FE09D00851B98 /* Release */ = {
			isa = XCBuildConfiguration;
			baseConfigurationReference = 2AF0DFD1EAA962CDDBFC1DFD /* Pods-CLKitDemo.release.xcconfig */;
			buildSettings = {
				ASSETCATALOG_COMPILER_APPICON_NAME = AppIcon;
				GCC_PREFIX_HEADER = "${SRCROOT}/CLKitDemo/PrefixHeader.pch";
				INFOPLIST_FILE = CLKitDemo/Info.plist;
				IPHONEOS_DEPLOYMENT_TARGET = 7.0;
				LD_RUNPATH_SEARCH_PATHS = "$(inherited) @executable_path/Frameworks";
				PRODUCT_BUNDLE_IDENTIFIER = com.Kaka.CLKitDemo;
				PRODUCT_NAME = "$(TARGET_NAME)";
				USER_HEADER_SEARCH_PATHS = "${SRCROOT}/**";
			};
			name = Release;
		};
/* End XCBuildConfiguration section */

/* Begin XCConfigurationList section */
		22A129B21E5FE09D00851B98 /* Build configuration list for PBXProject "CLKitDemo" */ = {
			isa = XCConfigurationList;
			buildConfigurations = (
				22A129CC1E5FE09D00851B98 /* Debug */,
				22A129CD1E5FE09D00851B98 /* Release */,
			);
			defaultConfigurationIsVisible = 0;
			defaultConfigurationName = Release;
		};
		22A129CE1E5FE09D00851B98 /* Build configuration list for PBXNativeTarget "CLKitDemo" */ = {
			isa = XCConfigurationList;
			buildConfigurations = (
				22A129CF1E5FE09D00851B98 /* Debug */,
				22A129D01E5FE09D00851B98 /* Release */,
			);
			defaultConfigurationIsVisible = 0;
			defaultConfigurationName = Release;
		};
/* End XCConfigurationList section */
	};
	rootObject = 22A129AF1E5FE09D00851B98 /* Project object */;
}
